// !$*UTF8*$!
{
	archiveVersion = 1;
	classes = {
	};
	objectVersion = 46;
	objects = {

/* Begin PBXBuildFile section */
		1D06243819B56C5D0015411C /* Foundation.framework in Frameworks */ = {isa = PBXBuildFile; fileRef = 1D06243719B56C5D0015411C /* Foundation.framework */; };
		1D06243A19B56C5D0015411C /* CoreGraphics.framework in Frameworks */ = {isa = PBXBuildFile; fileRef = 1D06243919B56C5D0015411C /* CoreGraphics.framework */; };
		1D06243C19B56C5D0015411C /* UIKit.framework in Frameworks */ = {isa = PBXBuildFile; fileRef = 1D06243B19B56C5D0015411C /* UIKit.framework */; };
		1D06244219B56C5D0015411C /* InfoPlist.strings in Resources */ = {isa = PBXBuildFile; fileRef = 1D06244019B56C5D0015411C /* InfoPlist.strings */; };
		1D06244419B56C5D0015411C /* main.m in Sources */ = {isa = PBXBuildFile; fileRef = 1D06244319B56C5D0015411C /* main.m */; };
		1D06244819B56C5D0015411C /* AppDelegate.m in Sources */ = {isa = PBXBuildFile; fileRef = 1D06244719B56C5D0015411C /* AppDelegate.m */; };
		1D06244A19B56C5D0015411C /* Images.xcassets in Resources */ = {isa = PBXBuildFile; fileRef = 1D06244919B56C5D0015411C /* Images.xcassets */; };
		1D06245119B56C5D0015411C /* XCTest.framework in Frameworks */ = {isa = PBXBuildFile; fileRef = 1D06245019B56C5D0015411C /* XCTest.framework */; };
		1D06245219B56C5D0015411C /* Foundation.framework in Frameworks */ = {isa = PBXBuildFile; fileRef = 1D06243719B56C5D0015411C /* Foundation.framework */; };
		1D06245319B56C5D0015411C /* UIKit.framework in Frameworks */ = {isa = PBXBuildFile; fileRef = 1D06243B19B56C5D0015411C /* UIKit.framework */; };
		1D06245B19B56C5D0015411C /* InfoPlist.strings in Resources */ = {isa = PBXBuildFile; fileRef = 1D06245919B56C5D0015411C /* InfoPlist.strings */; };
		1D06245D19B56C5D0015411C /* ShuaJianTests.m in Sources */ = {isa = PBXBuildFile; fileRef = 1D06245C19B56C5D0015411C /* ShuaJianTests.m */; };
/* End PBXBuildFile section */

/* Begin PBXContainerItemProxy section */
		1D06245419B56C5D0015411C /* PBXContainerItemProxy */ = {
			isa = PBXContainerItemProxy;
			containerPortal = 1D06242C19B56C5D0015411C /* Project object */;
			proxyType = 1;
			remoteGlobalIDString = 1D06243319B56C5D0015411C;
			remoteInfo = ShuaJian;
		};
/* End PBXContainerItemProxy section */

/* Begin PBXFileReference section */
		1D06243419B56C5D0015411C /* ShuaJian.app */ = {isa = PBXFileReference; explicitFileType = wrapper.application; includeInIndex = 0; path = ShuaJian.app; sourceTree = BUILT_PRODUCTS_DIR; };
		1D06243719B56C5D0015411C /* Foundation.framework */ = {isa = PBXFileReference; lastKnownFileType = wrapper.framework; name = Foundation.framework; path = System/Library/Frameworks/Foundation.framework; sourceTree = SDKROOT; };
		1D06243919B56C5D0015411C /* CoreGraphics.framework */ = {isa = PBXFileReference; lastKnownFileType = wrapper.framework; name = CoreGraphics.framework; path = System/Library/Frameworks/CoreGraphics.framework; sourceTree = SDKROOT; };
		1D06243B19B56C5D0015411C /* UIKit.framework */ = {isa = PBXFileReference; lastKnownFileType = wrapper.framework; name = UIKit.framework; path = System/Library/Frameworks/UIKit.framework; sourceTree = SDKROOT; };
		1D06243F19B56C5D0015411C /* ShuaJian-Info.plist */ = {isa = PBXFileReference; lastKnownFileType = text.plist.xml; path = "ShuaJian-Info.plist"; sourceTree = "<group>"; };
		1D06244119B56C5D0015411C /* en */ = {isa = PBXFileReference; lastKnownFileType = text.plist.strings; name = en; path = en.lproj/InfoPlist.strings; sourceTree = "<group>"; };
		1D06244319B56C5D0015411C /* main.m */ = {isa = PBXFileReference; lastKnownFileType = sourcecode.c.objc; path = main.m; sourceTree = "<group>"; };
		1D06244519B56C5D0015411C /* ShuaJian-Prefix.pch */ = {isa = PBXFileReference; lastKnownFileType = sourcecode.c.h; path = "ShuaJian-Prefix.pch"; sourceTree = "<group>"; };
		1D06244619B56C5D0015411C /* AppDelegate.h */ = {isa = PBXFileReference; lastKnownFileType = sourcecode.c.h; path = AppDelegate.h; sourceTree = "<group>"; };
		1D06244719B56C5D0015411C /* AppDelegate.m */ = {isa = PBXFileReference; lastKnownFileType = sourcecode.c.objc; path = AppDelegate.m; sourceTree = "<group>"; };
		1D06244919B56C5D0015411C /* Images.xcassets */ = {isa = PBXFileReference; lastKnownFileType = folder.assetcatalog; path = Images.xcassets; sourceTree = "<group>"; };
		1D06244F19B56C5D0015411C /* ShuaJianTests.xctest */ = {isa = PBXFileReference; explicitFileType = wrapper.cfbundle; includeInIndex = 0; path = ShuaJianTests.xctest; sourceTree = BUILT_PRODUCTS_DIR; };
		1D06245019B56C5D0015411C /* XCTest.framework */ = {isa = PBXFileReference; lastKnownFileType = wrapper.framework; name = XCTest.framework; path = Library/Frameworks/XCTest.framework; sourceTree = DEVELOPER_DIR; };
		1D06245819B56C5D0015411C /* ShuaJianTests-Info.plist */ = {isa = PBXFileReference; lastKnownFileType = text.plist.xml; path = "ShuaJianTests-Info.plist"; sourceTree = "<group>"; };
		1D06245A19B56C5D0015411C /* en */ = {isa = PBXFileReference; lastKnownFileType = text.plist.strings; name = en; path = en.lproj/InfoPlist.strings; sourceTree = "<group>"; };
		1D06245C19B56C5D0015411C /* ShuaJianTests.m */ = {isa = PBXFileReference; lastKnownFileType = sourcecode.c.objc; path = ShuaJianTests.m; sourceTree = "<group>"; };
/* End PBXFileReference section */

/* Begin PBXFrameworksBuildPhase section */
		1D06243119B56C5D0015411C /* Frameworks */ = {
			isa = PBXFrameworksBuildPhase;
			buildActionMask = 2147483647;
			files = (
				1D06243A19B56C5D0015411C /* CoreGraphics.framework in Frameworks */,
				1D06243C19B56C5D0015411C /* UIKit.framework in Frameworks */,
				1D06243819B56C5D0015411C /* Foundation.framework in Frameworks */,
			);
			runOnlyForDeploymentPostprocessing = 0;
		};
		1D06244C19B56C5D0015411C /* Frameworks */ = {
			isa = PBXFrameworksBuildPhase;
			buildActionMask = 2147483647;
			files = (
				1D06245119B56C5D0015411C /* XCTest.framework in Frameworks */,
				1D06245319B56C5D0015411C /* UIKit.framework in Frameworks */,
				1D06245219B56C5D0015411C /* Foundation.framework in Frameworks */,
			);
			runOnlyForDeploymentPostprocessing = 0;
		};
/* End PBXFrameworksBuildPhase section */

/* Begin PBXGroup section */
		1D06242B19B56C5D0015411C = {
			isa = PBXGroup;
			children = (
				1D06243D19B56C5D0015411C /* ShuaJian */,
				1D06245619B56C5D0015411C /* ShuaJianTests */,
				1D06243619B56C5D0015411C /* Frameworks */,
				1D06243519B56C5D0015411C /* Products */,
			);
			sourceTree = "<group>";
		};
		1D06243519B56C5D0015411C /* Products */ = {
			isa = PBXGroup;
			children = (
				1D06243419B56C5D0015411C /* ShuaJian.app */,
				1D06244F19B56C5D0015411C /* ShuaJianTests.xctest */,
			);
			name = Products;
			sourceTree = "<group>";
		};
		1D06243619B56C5D0015411C /* Frameworks */ = {
			isa = PBXGroup;
			children = (
				1D06243719B56C5D0015411C /* Foundation.framework */,
				1D06243919B56C5D0015411C /* CoreGraphics.framework */,
				1D06243B19B56C5D0015411C /* UIKit.framework */,
				1D06245019B56C5D0015411C /* XCTest.framework */,
			);
			name = Frameworks;
			sourceTree = "<group>";
		};
		1D06243D19B56C5D0015411C /* ShuaJian */ = {
			isa = PBXGroup;
			children = (
				1D06244619B56C5D0015411C /* AppDelegate.h */,
				1D06244719B56C5D0015411C /* AppDelegate.m */,
				1D06244919B56C5D0015411C /* Images.xcassets */,
				1D06243E19B56C5D0015411C /* Supporting Files */,
			);
			path = ShuaJian;
			sourceTree = "<group>";
		};
		1D06243E19B56C5D0015411C /* Supporting Files */ = {
			isa = PBXGroup;
			children = (
				1D06243F19B56C5D0015411C /* ShuaJian-Info.plist */,
				1D06244019B56C5D0015411C /* InfoPlist.strings */,
				1D06244319B56C5D0015411C /* main.m */,
				1D06244519B56C5D0015411C /* ShuaJian-Prefix.pch */,
			);
			name = "Supporting Files";
			sourceTree = "<group>";
		};
		1D06245619B56C5D0015411C /* ShuaJianTests */ = {
			isa = PBXGroup;
			children = (
				1D06245C19B56C5D0015411C /* ShuaJianTests.m */,
				1D06245719B56C5D0015411C /* Supporting Files */,
			);
			path = ShuaJianTests;
			sourceTree = "<group>";
		};
		1D06245719B56C5D0015411C /* Supporting Files */ = {
			isa = PBXGroup;
			children = (
				1D06245819B56C5D0015411C /* ShuaJianTests-Info.plist */,
				1D06245919B56C5D0015411C /* InfoPlist.strings */,
			);
			name = "Supporting Files";
			sourceTree = "<group>";
		};
/* End PBXGroup section */

/* Begin PBXNativeTarget section */
		1D06243319B56C5D0015411C /* ShuaJian */ = {
			isa = PBXNativeTarget;
			buildConfigurationList = 1D06246019B56C5D0015411C /* Build configuration list for PBXNativeTarget "ShuaJian" */;
			buildPhases = (
				1D06243019B56C5D0015411C /* Sources */,
				1D06243119B56C5D0015411C /* Frameworks */,
				1D06243219B56C5D0015411C /* Resources */,
			);
			buildRules = (
			);
			dependencies = (
			);
			name = ShuaJian;
			productName = ShuaJian;
			productReference = 1D06243419B56C5D0015411C /* ShuaJian.app */;
			productType = "com.apple.product-type.application";
		};
		1D06244E19B56C5D0015411C /* ShuaJianTests */ = {
			isa = PBXNativeTarget;
			buildConfigurationList = 1D06246319B56C5D0015411C /* Build configuration list for PBXNativeTarget "ShuaJianTests" */;
			buildPhases = (
				1D06244B19B56C5D0015411C /* Sources */,
				1D06244C19B56C5D0015411C /* Frameworks */,
				1D06244D19B56C5D0015411C /* Resources */,
			);
			buildRules = (
			);
			dependencies = (
				1D06245519B56C5D0015411C /* PBXTargetDependency */,
			);
			name = ShuaJianTests;
			productName = ShuaJianTests;
			productReference = 1D06244F19B56C5D0015411C /* ShuaJianTests.xctest */;
			productType = "com.apple.product-type.bundle.unit-test";
		};
/* End PBXNativeTarget section */

/* Begin PBXProject section */
		1D06242C19B56C5D0015411C /* Project object */ = {
			isa = PBXProject;
			attributes = {
				LastUpgradeCheck = 0510;
				ORGANIZATIONNAME = com.fuchaowen.www;
				TargetAttributes = {
					1D06244E19B56C5D0015411C = {
						TestTargetID = 1D06243319B56C5D0015411C;
					};
				};
			};
			buildConfigurationList = 1D06242F19B56C5D0015411C /* Build configuration list for PBXProject "ShuaJian" */;
			compatibilityVersion = "Xcode 3.2";
			developmentRegion = English;
			hasScannedForEncodings = 0;
			knownRegions = (
				en,
			);
			mainGroup = 1D06242B19B56C5D0015411C;
			productRefGroup = 1D06243519B56C5D0015411C /* Products */;
			projectDirPath = "";
			projectRoot = "";
			targets = (
				1D06243319B56C5D0015411C /* ShuaJian */,
				1D06244E19B56C5D0015411C /* ShuaJianTests */,
			);
		};
/* End PBXProject section */

/* Begin PBXResourcesBuildPhase section */
		1D06243219B56C5D0015411C /* Resources */ = {
			isa = PBXResourcesBuildPhase;
			buildActionMask = 2147483647;
			files = (
				1D06244219B56C5D0015411C /* InfoPlist.strings in Resources */,
				1D06244A19B56C5D0015411C /* Images.xcassets in Resources */,
			);
			runOnlyForDeploymentPostprocessing = 0;
		};
		1D06244D19B56C5D0015411C /* Resources */ = {
			isa = PBXResourcesBuildPhase;
			buildActionMask = 2147483647;
			files = (
				1D06245B19B56C5D0015411C /* InfoPlist.strings in Resources */,
			);
			runOnlyForDeploymentPostprocessing = 0;
		};
/* End PBXResourcesBuildPhase section */

/* Begin PBXSourcesBuildPhase section */
		1D06243019B56C5D0015411C /* Sources */ = {
			isa = PBXSourcesBuildPhase;
			buildActionMask = 2147483647;
			files = (
				1D06244819B56C5D0015411C /* AppDelegate.m in Sources */,
				1D06244419B56C5D0015411C /* main.m in Sources */,
			);
			runOnlyForDeploymentPostprocessing = 0;
		};
		1D06244B19B56C5D0015411C /* Sources */ = {
			isa = PBXSourcesBuildPhase;
			buildActionMask = 2147483647;
			files = (
				1D06245D19B56C5D0015411C /* ShuaJianTests.m in Sources */,
			);
			runOnlyForDeploymentPostprocessing = 0;
		};
/* End PBXSourcesBuildPhase section */

/* Begin PBXTargetDependency section */
		1D06245519B56C5D0015411C /* PBXTargetDependency */ = {
			isa = PBXTargetDependency;
			target = 1D06243319B56C5D0015411C /* ShuaJian */;
			targetProxy = 1D06245419B56C5D0015411C /* PBXContainerItemProxy */;
		};
/* End PBXTargetDependency section */

/* Begin PBXVariantGroup section */
		1D06244019B56C5D0015411C /* InfoPlist.strings */ = {
			isa = PBXVariantGroup;
			children = (
				1D06244119B56C5D0015411C /* en */,
			);
			name = InfoPlist.strings;
			sourceTree = "<group>";
		};
		1D06245919B56C5D0015411C /* InfoPlist.strings */ = {
			isa = PBXVariantGroup;
			children = (
				1D06245A19B56C5D0015411C /* en */,
			);
			name = InfoPlist.strings;
			sourceTree = "<group>";
		};
/* End PBXVariantGroup section */

/* Begin XCBuildConfiguration section */
		1D06245E19B56C5D0015411C /* Debug */ = {
			isa = XCBuildConfiguration;
			buildSettings = {
				ALWAYS_SEARCH_USER_PATHS = NO;
				CLANG_CXX_LANGUAGE_STANDARD = "gnu++0x";
				CLANG_CXX_LIBRARY = "libc++";
				CLANG_ENABLE_MODULES = YES;
				CLANG_ENABLE_OBJC_ARC = YES;
				CLANG_WARN_BOOL_CONVERSION = YES;
				CLANG_WARN_CONSTANT_CONVERSION = YES;
				CLANG_WARN_DIRECT_OBJC_ISA_USAGE = YES_ERROR;
				CLANG_WARN_EMPTY_BODY = YES;
				CLANG_WARN_ENUM_CONVERSION = YES;
				CLANG_WARN_INT_CONVERSION = YES;
				CLANG_WARN_OBJC_ROOT_CLASS = YES_ERROR;
				CLANG_WARN__DUPLICATE_METHOD_MATCH = YES;
				"CODE_SIGN_IDENTITY[sdk=iphoneos*]" = "iPhone Developer";
				COPY_PHASE_STRIP = NO;
				GCC_C_LANGUAGE_STANDARD = gnu99;
				GCC_DYNAMIC_NO_PIC = NO;
				GCC_OPTIMIZATION_LEVEL = 0;
				GCC_PREPROCESSOR_DEFINITIONS = (
					"DEBUG=1",
					"$(inherited)",
				);
				GCC_SYMBOLS_PRIVATE_EXTERN = NO;
				GCC_WARN_64_TO_32_BIT_CONVERSION = YES;
				GCC_WARN_ABOUT_RETURN_TYPE = YES_ERROR;
				GCC_WARN_UNDECLARED_SELECTOR = YES;
				GCC_WARN_UNINITIALIZED_AUTOS = YES_AGGRESSIVE;
				GCC_WARN_UNUSED_FUNCTION = YES;
				GCC_WARN_UNUSED_VARIABLE = YES;
				IPHONEOS_DEPLOYMENT_TARGET = 7.1;
				ONLY_ACTIVE_ARCH = YES;
				SDKROOT = iphoneos;
			};
			name = Debug;
		};
		1D06245F19B56C5D0015411C /* Release */ = {
			isa = XCBuildConfiguration;
			buildSettings = {
				ALWAYS_SEARCH_USER_PATHS = NO;
				CLANG_CXX_LANGUAGE_STANDARD = "gnu++0x";
				CLANG_CXX_LIBRARY = "libc++";
				CLANG_ENABLE_MODULES = YES;
				CLANG_ENABLE_OBJC_ARC = YES;
				CLANG_WARN_BOOL_CONVERSION = YES;
				CLANG_WARN_CONSTANT_CONVERSION = YES;
				CLANG_WARN_DIRECT_OBJC_ISA_USAGE = YES_ERROR;
				CLANG_WARN_EMPTY_BODY = YES;
				CLANG_WARN_ENUM_CONVERSION = YES;
				CLANG_WARN_INT_CONVERSION = YES;
				CLANG_WARN_OBJC_ROOT_CLASS = YES_ERROR;
				CLANG_WARN__DUPLICATE_METHOD_MATCH = YES;
				"CODE_SIGN_IDENTITY[sdk=iphoneos*]" = "iPhone Developer";
				COPY_PHASE_STRIP = YES;
				ENABLE_NS_ASSERTIONS = NO;
				GCC_C_LANGUAGE_STANDARD = gnu99;
				GCC_WARN_64_TO_32_BIT_CONVERSION = YES;
				GCC_WARN_ABOUT_RETURN_TYPE = YES_ERROR;
				GCC_WARN_UNDECLARED_SELECTOR = YES;
				GCC_WARN_UNINITIALIZED_AUTOS = YES_AGGRESSIVE;
				GCC_WARN_UNUSED_FUNCTION = YES;
				GCC_WARN_UNUSED_VARIABLE = YES;
				IPHONEOS_DEPLOYMENT_TARGET = 7.1;
				SDKROOT = iphoneos;
				VALIDATE_PRODUCT = YES;
			};
			name = Release;
		};
		1D06246119B56C5D0015411C /* Debug */ = {
			isa = XCBuildConfiguration;
			buildSettings = {
				ASSETCATALOG_COMPILER_APPICON_NAME = AppIcon;
				ASSETCATALOG_COMPILER_LAUNCHIMAGE_NAME = LaunchImage;
				GCC_PRECOMPILE_PREFIX_HEADER = YES;
				GCC_PREFIX_HEADER = "ShuaJian/ShuaJian-Prefix.pch";
				INFOPLIST_FILE = "ShuaJian/ShuaJian-Info.plist";
				PRODUCT_NAME = "$(TARGET_NAME)";
				WRAPPER_EXTENSION = app;
			};
			name = Debug;
		};
		1D06246219B56C5D0015411C /* Release */ = {
			isa = XCBuildConfiguration;
			buildSettings = {
				ASSETCATALOG_COMPILER_APPICON_NAME = AppIcon;
				ASSETCATALOG_COMPILER_LAUNCHIMAGE_NAME = LaunchImage;
				GCC_PRECOMPILE_PREFIX_HEADER = YES;
				GCC_PREFIX_HEADER = "ShuaJian/ShuaJian-Prefix.pch";
				INFOPLIST_FILE = "ShuaJian/ShuaJian-Info.plist";
				PRODUCT_NAME = "$(TARGET_NAME)";
				WRAPPER_EXTENSION = app;
			};
			name = Release;
		};
		1D06246419B56C5D0015411C /* Debug */ = {
			isa = XCBuildConfiguration;
			buildSettings = {
				BUNDLE_LOADER = "$(BUILT_PRODUCTS_DIR)/ShuaJian.app/ShuaJian";
				FRAMEWORK_SEARCH_PATHS = (
					"$(SDKROOT)/Developer/Library/Frameworks",
					"$(inherited)",
					"$(DEVELOPER_FRAMEWORKS_DIR)",
				);
				GCC_PRECOMPILE_PREFIX_HEADER = YES;
				GCC_PREFIX_HEADER = "ShuaJian/ShuaJian-Prefix.pch";
				GCC_PREPROCESSOR_DEFINITIONS = (
					"DEBUG=1",
					"$(inherited)",
				);
				INFOPLIST_FILE = "ShuaJianTests/ShuaJianTests-Info.plist";
				PRODUCT_NAME = "$(TARGET_NAME)";
				TEST_HOST = "$(BUNDLE_LOADER)";
				WRAPPER_EXTENSION = xctest;
			};
			name = Debug;
		};
		1D06246519B56C5D0015411C /* Release */ = {
			isa = XCBuildConfiguration;
			buildSettings = {
				BUNDLE_LOADER = "$(BUILT_PRODUCTS_DIR)/ShuaJian.app/ShuaJian";
				FRAMEWORK_SEARCH_PATHS = (
					"$(SDKROOT)/Developer/Library/Frameworks",
					"$(inherited)",
					"$(DEVELOPER_FRAMEWORKS_DIR)",
				);
				GCC_PRECOMPILE_PREFIX_HEADER = YES;
				GCC_PREFIX_HEADER = "ShuaJian/ShuaJian-Prefix.pch";
				INFOPLIST_FILE = "ShuaJianTests/ShuaJianTests-Info.plist";
				PRODUCT_NAME = "$(TARGET_NAME)";
				TEST_HOST = "$(BUNDLE_LOADER)";
				WRAPPER_EXTENSION = xctest;
			};
			name = Release;
		};
/* End XCBuildConfiguration section */

/* Begin XCConfigurationList section */
		1D06242F19B56C5D0015411C /* Build configuration list for PBXProject "ShuaJian" */ = {
			isa = XCConfigurationList;
			buildConfigurations = (
				1D06245E19B56C5D0015411C /* Debug */,
				1D06245F19B56C5D0015411C /* Release */,
			);
			defaultConfigurationIsVisible = 0;
			defaultConfigurationName = Release;
		};
		1D06246019B56C5D0015411C /* Build configuration list for PBXNativeTarget "ShuaJian" */ = {
			isa = XCConfigurationList;
			buildConfigurations = (
				1D06246119B56C5D0015411C /* Debug */,
				1D06246219B56C5D0015411C /* Release */,
			);
			defaultConfigurationIsVisible = 0;
		};
		1D06246319B56C5D0015411C /* Build configuration list for PBXNativeTarget "ShuaJianTests" */ = {
			isa = XCConfigurationList;
			buildConfigurations = (
				1D06246419B56C5D0015411C /* Debug */,
				1D06246519B56C5D0015411C /* Release */,
			);
			defaultConfigurationIsVisible = 0;
		};
/* End XCConfigurationList section */
	};
	rootObject = 1D06242C19B56C5D0015411C /* Project object */;
}
